schema: '2.0'
stages:
  data_collection:
    cmd: python src/data_collection.py
    deps:
    - path: src/data_collection.py
      hash: md5
      md5: 8322f1326a278e01401435a5cdc731b4
      size: 1227
    outs:
    - path: data/raw
      hash: md5
      md5: eb1c883c677c9e284a38549f106873b5.dir
      size: 55734
      nfiles: 2
  pre_processing:
    cmd: python src/data_preprocessing.py --force
    deps:
    - path: data/raw
      hash: md5
      md5: eb1c883c677c9e284a38549f106873b5.dir
      size: 55734
      nfiles: 2
    - path: src/data_preprocessing.py
      hash: md5
      md5: f4d38cb3257c6d6d902bc2f5ed443228
      size: 1680
    outs:
    - path: data/preprocessed
      hash: md5
      md5: afbb83c5a32cbdc7004195946830e922.dir
      size: 116170
      nfiles: 2
  model_building:
    cmd: python src/model_building.py --force
    deps:
    - path: data/preprocessed
      hash: md5
      md5: afbb83c5a32cbdc7004195946830e922.dir
      size: 116170
      nfiles: 2
    - path: src/model_building.py
      hash: md5
      md5: 7c167993e0c4777e08f20fd3bdb4151e
      size: 538
    outs:
    - path: model.pkl
      hash: md5
      md5: 5906052a029a610b9172d506a28b2462
      size: 46436
  model_eval:
    cmd: python src/model_eval.py
    deps:
    - path: model.pkl
      hash: md5
      md5: 5906052a029a610b9172d506a28b2462
      size: 46436
    - path: src/model_eval.py
      hash: md5
      md5: c7f6904fcfd35dafab69b3d738f74d16
      size: 818
    outs:
    - path: metrics.json
      hash: md5
      md5: 5c1dcbd31575c47fb5a20c2da9050986
      size: 182
